
Microsoft Visual Studio Solution File, Format Version 12.00
# Visual Studio Version 16
VisualStudioVersion = 16.0.33130.400
MinimumVisualStudioVersion = 10.0.40219.1
Project("{FAE04EC0-301F-11D3-BF4B-00C04F79EFBC}") = "ShortcutCreator_v2", "ShortcutCreator_v2\ShortcutCreator_v2.csproj", "{C66DFBAB-7220-4D40-AEAE-6236BA29CBCC}"
EndProject
Global
	GlobalSection(SolutionConfigurationPlatforms) = preSolution
		Debug|Any CPU = Debug|Any CPU
		Release|Any CPU = Release|Any CPU
	EndGlobalSection
	GlobalSection(ProjectConfigurationPlatforms) = postSolution
		{C66DFBAB-7220-4D40-AEAE-6236BA29CBCC}.Debug|Any CPU.ActiveCfg = Debug|Any CPU
		{C66DFBAB-7220-4D40-AEAE-6236BA29CBCC}.Debug|Any CPU.Build.0 = Debug|Any CPU
		{C66DFBAB-7220-4D40-AEAE-6236BA29CBCC}.Release|Any CPU.ActiveCfg = Release|Any CPU
		{C66DFBAB-7220-4D40-AEAE-6236BA29CBCC}.Release|Any CPU.Build.0 = Release|Any CPU
	EndGlobalSection
	GlobalSection(SolutionProperties) = preSolution
		HideSolutionNode = FALSE
	EndGlobalSection
	GlobalSection(ExtensibilityGlobals) = postSolution
		SolutionGuid = {52259F8D-5704-4C9D-A845-F2E2886903A0}
	EndGlobalSection
EndGlobal
